// !$*UTF8*$!
{
	archiveVersion = 1;
	classes = {
	};
	objectVersion = 46;
	objects = {

/* Begin PBXBuildFile section */
		4CF1C5031C32BD39005B8377 /* main.m in Sources */ = {isa = PBXBuildFile; fileRef = 4CF1C5021C32BD39005B8377 /* main.m */; };
		4CF1C51C1C32BD3A005B8377 /* System_zarza_dzania_flota__pojazdo_wTests.m in Sources */ = {isa = PBXBuildFile; fileRef = 4CF1C51B1C32BD3A005B8377 /* System_zarza_dzania_flota__pojazdo_wTests.m */; };
		4CF1C5271C32BD3A005B8377 /* System_zarza_dzania_flota__pojazdo_wUITests.m in Sources */ = {isa = PBXBuildFile; fileRef = 4CF1C5261C32BD3A005B8377 /* System_zarza_dzania_flota__pojazdo_wUITests.m */; };
		4CF1C56B1C32BDBF005B8377 /* AppDelegate.m in Sources */ = {isa = PBXBuildFile; fileRef = 4CF1C5351C32BDBF005B8377 /* AppDelegate.m */; };
		4CF1C56C1C32BDBF005B8377 /* Assets.xcassets in Resources */ = {isa = PBXBuildFile; fileRef = 4CF1C5361C32BDBF005B8377 /* Assets.xcassets */; };
		4CF1C56D1C32BDBF005B8377 /* attention2.png in Resources */ = {isa = PBXBuildFile; fileRef = 4CF1C5371C32BDBF005B8377 /* attention2.png */; };
		4CF1C56E1C32BDBF005B8377 /* badanieViewController.m in Sources */ = {isa = PBXBuildFile; fileRef = 4CF1C5391C32BDBF005B8377 /* badanieViewController.m */; };
		4CF1C56F1C32BDBF005B8377 /* LaunchScreen.storyboard in Resources */ = {isa = PBXBuildFile; fileRef = 4CF1C53B1C32BDBF005B8377 /* LaunchScreen.storyboard */; };
		4CF1C5701C32BDBF005B8377 /* Main.storyboard in Resources */ = {isa = PBXBuildFile; fileRef = 4CF1C53D1C32BDBF005B8377 /* Main.storyboard */; };
		4CF1C5711C32BDBF005B8377 /* bookmark_photo.jpg in Resources */ = {isa = PBXBuildFile; fileRef = 4CF1C53F1C32BDBF005B8377 /* bookmark_photo.jpg */; };
		4CF1C5721C32BDBF005B8377 /* bookmark.png in Resources */ = {isa = PBXBuildFile; fileRef = 4CF1C5401C32BDBF005B8377 /* bookmark.png */; };
		4CF1C5731C32BDBF005B8377 /* calendar_photo.jpg in Resources */ = {isa = PBXBuildFile; fileRef = 4CF1C5411C32BDBF005B8377 /* calendar_photo.jpg */; };
		4CF1C5741C32BDBF005B8377 /* calendar.png in Resources */ = {isa = PBXBuildFile; fileRef = 4CF1C5421C32BDBF005B8377 /* calendar.png */; };
		4CF1C5751C32BDBF005B8377 /* car.png in Resources */ = {isa = PBXBuildFile; fileRef = 4CF1C5431C32BDBF005B8377 /* car.png */; };
		4CF1C5761C32BDBF005B8377 /* comments_photo.jpg in Resources */ = {isa = PBXBuildFile; fileRef = 4CF1C5441C32BDBF005B8377 /* comments_photo.jpg */; };
		4CF1C5771C32BDBF005B8377 /* comments.png in Resources */ = {isa = PBXBuildFile; fileRef = 4CF1C5451C32BDBF005B8377 /* comments.png */; };
		4CF1C5781C32BDBF005B8377 /* Default-568h@2x.png in Resources */ = {isa = PBXBuildFile; fileRef = 4CF1C5461C32BDBF005B8377 /* Default-568h@2x.png */; };
		4CF1C5791C32BDBF005B8377 /* Default.png in Resources */ = {isa = PBXBuildFile; fileRef = 4CF1C5471C32BDBF005B8377 /* Default.png */; };
		4CF1C57A1C32BDBF005B8377 /* Default@2x.png in Resources */ = {isa = PBXBuildFile; fileRef = 4CF1C5481C32BDBF005B8377 /* Default@2x.png */; };
		4CF1C57B1C32BDBF005B8377 /* InfoPlist.strings in Resources */ = {isa = PBXBuildFile; fileRef = 4CF1C54A1C32BDBF005B8377 /* InfoPlist.strings */; };
		4CF1C57D1C32BDBF005B8377 /* gas-pump-128.png in Resources */ = {isa = PBXBuildFile; fileRef = 4CF1C54E1C32BDBF005B8377 /* gas-pump-128.png */; };
		4CF1C57E1C32BDBF005B8377 /* loginPageViewController.m in Sources */ = {isa = PBXBuildFile; fileRef = 4CF1C5521C32BDBF005B8377 /* loginPageViewController.m */; };
		4CF1C57F1C32BDBF005B8377 /* MainViewController.m in Sources */ = {isa = PBXBuildFile; fileRef = 4CF1C5541C32BDBF005B8377 /* MainViewController.m */; };
		4CF1C5801C32BDBF005B8377 /* map.png in Resources */ = {isa = PBXBuildFile; fileRef = 4CF1C5551C32BDBF005B8377 /* map.png */; };
		4CF1C5811C32BDBF005B8377 /* menu.png in Resources */ = {isa = PBXBuildFile; fileRef = 4CF1C5561C32BDBF005B8377 /* menu.png */; };
		4CF1C5821C32BDBF005B8377 /* menu@2x.png in Resources */ = {isa = PBXBuildFile; fileRef = 4CF1C5571C32BDBF005B8377 /* menu@2x.png */; };
		4CF1C5831C32BDBF005B8377 /* nav_bg.png in Resources */ = {isa = PBXBuildFile; fileRef = 4CF1C5581C32BDBF005B8377 /* nav_bg.png */; };
		4CF1C5841C32BDBF005B8377 /* news.png in Resources */ = {isa = PBXBuildFile; fileRef = 4CF1C5591C32BDBF005B8377 /* news.png */; };
		4CF1C5851C32BDBF005B8377 /* photo.png in Resources */ = {isa = PBXBuildFile; fileRef = 4CF1C55A1C32BDBF005B8377 /* photo.png */; };
		4CF1C5861C32BDBF005B8377 /* ServiceMyCar.png in Resources */ = {isa = PBXBuildFile; fileRef = 4CF1C55B1C32BDBF005B8377 /* ServiceMyCar.png */; };
		4CF1C5881C32BDBF005B8377 /* SidebarViewController.m in Sources */ = {isa = PBXBuildFile; fileRef = 4CF1C55F1C32BDBF005B8377 /* SidebarViewController.m */; };
		4CF1C5891C32BDBF005B8377 /* SWRevealViewController.m in Sources */ = {isa = PBXBuildFile; fileRef = 4CF1C5621C32BDBF005B8377 /* SWRevealViewController.m */; };
		4CF1C58A1C32BDBF005B8377 /* tag_photo.jpg in Resources */ = {isa = PBXBuildFile; fileRef = 4CF1C5631C32BDBF005B8377 /* tag_photo.jpg */; };
		4CF1C58B1C32BDBF005B8377 /* tag.png in Resources */ = {isa = PBXBuildFile; fileRef = 4CF1C5641C32BDBF005B8377 /* tag.png */; };
		4CF1C58C1C32BDBF005B8377 /* tankowanieViewController.m in Sources */ = {isa = PBXBuildFile; fileRef = 4CF1C5661C32BDBF005B8377 /* tankowanieViewController.m */; };
		4CF1C58D1C32BDBF005B8377 /* wishlist_photo.jpg in Resources */ = {isa = PBXBuildFile; fileRef = 4CF1C5671C32BDBF005B8377 /* wishlist_photo.jpg */; };
		4CF1C58E1C32BDBF005B8377 /* wishlist.png in Resources */ = {isa = PBXBuildFile; fileRef = 4CF1C5681C32BDBF005B8377 /* wishlist.png */; };
		4CF1C58F1C32BDBF005B8377 /* zdarzeniaViewController.m in Sources */ = {isa = PBXBuildFile; fileRef = 4CF1C56A1C32BDBF005B8377 /* zdarzeniaViewController.m */; };
		4CF1C5961C32C2DE005B8377 /* MainStoryboard.storyboard in Resources */ = {isa = PBXBuildFile; fileRef = 4CF1C5941C32C2DE005B8377 /* MainStoryboard.storyboard */; };
		4CF1C59A1C32C685005B8377 /* car-icon-vector-illustration-flat-design-style_183075041.jpg in Resources */ = {isa = PBXBuildFile; fileRef = 4CF1C5991C32C685005B8377 /* car-icon-vector-illustration-flat-design-style_183075041.jpg */; };
		CE1BA5C31C37288F00E55F6C /* tankowanieTheSecondViewController.m in Sources */ = {isa = PBXBuildFile; fileRef = CE1BA5C21C37288F00E55F6C /* tankowanieTheSecondViewController.m */; };
		CE6A8D471C374E3D00EBC4BB /* badanieTheSecondViewController.m in Sources */ = {isa = PBXBuildFile; fileRef = CE6A8D461C374E3D00EBC4BB /* badanieTheSecondViewController.m */; };
		CE6A8D4A1C3809AD00EBC4BB /* zmienHasloViewController.m in Sources */ = {isa = PBXBuildFile; fileRef = CE6A8D491C3809AD00EBC4BB /* zmienHasloViewController.m */; };
		CE6A8D4C1C381A4A00EBC4BB /* security_lock_password_protection_secure_locking_system_safe_privacy_private_safety_encryption_flat_design_icon-512.png in Resources */ = {isa = PBXBuildFile; fileRef = CE6A8D4B1C381A4A00EBC4BB /* security_lock_password_protection_secure_locking_system_safe_privacy_private_safety_encryption_flat_design_icon-512.png */; };
		CE6A8D4E1C381ABF00EBC4BB /* power-01-512.png in Resources */ = {isa = PBXBuildFile; fileRef = CE6A8D4D1C381ABF00EBC4BB /* power-01-512.png */; };
/* End PBXBuildFile section */

/* Begin PBXContainerItemProxy section */
		4CF1C5181C32BD3A005B8377 /* PBXContainerItemProxy */ = {
			isa = PBXContainerItemProxy;
			containerPortal = 4CF1C4F61C32BD39005B8377 /* Project object */;
			proxyType = 1;
			remoteGlobalIDString = 4CF1C4FD1C32BD39005B8377;
			remoteInfo = "System zarządzania flotą pojazdów";
		};
		4CF1C5231C32BD3A005B8377 /* PBXContainerItemProxy */ = {
			isa = PBXContainerItemProxy;
			containerPortal = 4CF1C4F61C32BD39005B8377 /* Project object */;
			proxyType = 1;
			remoteGlobalIDString = 4CF1C4FD1C32BD39005B8377;
			remoteInfo = "System zarządzania flotą pojazdów";
		};
/* End PBXContainerItemProxy section */

/* Begin PBXFileReference section */
		4CF1C4FE1C32BD39005B8377 /* System zarządzania flotą pojazdów.app */ = {isa = PBXFileReference; explicitFileType = wrapper.application; includeInIndex = 0; path = "System zarządzania flotą pojazdów.app"; sourceTree = BUILT_PRODUCTS_DIR; };
		4CF1C5021C32BD39005B8377 /* main.m */ = {isa = PBXFileReference; lastKnownFileType = sourcecode.c.objc; path = main.m; sourceTree = "<group>"; };
		4CF1C5121C32BD39005B8377 /* Info.plist */ = {isa = PBXFileReference; lastKnownFileType = text.plist.xml; path = Info.plist; sourceTree = "<group>"; };
		4CF1C5171C32BD3A005B8377 /* System zarządzania flotą pojazdówTests.xctest */ = {isa = PBXFileReference; explicitFileType = wrapper.cfbundle; includeInIndex = 0; path = "System zarządzania flotą pojazdówTests.xctest"; sourceTree = BUILT_PRODUCTS_DIR; };
		4CF1C51B1C32BD3A005B8377 /* System_zarza_dzania_flota__pojazdo_wTests.m */ = {isa = PBXFileReference; lastKnownFileType = sourcecode.c.objc; path = System_zarza_dzania_flota__pojazdo_wTests.m; sourceTree = "<group>"; };
		4CF1C51D1C32BD3A005B8377 /* Info.plist */ = {isa = PBXFileReference; lastKnownFileType = text.plist.xml; path = Info.plist; sourceTree = "<group>"; };
		4CF1C5221C32BD3A005B8377 /* System zarządzania flotą pojazdówUITests.xctest */ = {isa = PBXFileReference; explicitFileType = wrapper.cfbundle; includeInIndex = 0; path = "System zarządzania flotą pojazdówUITests.xctest"; sourceTree = BUILT_PRODUCTS_DIR; };
		4CF1C5261C32BD3A005B8377 /* System_zarza_dzania_flota__pojazdo_wUITests.m */ = {isa = PBXFileReference; lastKnownFileType = sourcecode.c.objc; path = System_zarza_dzania_flota__pojazdo_wUITests.m; sourceTree = "<group>"; };
		4CF1C5281C32BD3A005B8377 /* Info.plist */ = {isa = PBXFileReference; lastKnownFileType = text.plist.xml; path = Info.plist; sourceTree = "<group>"; };
		4CF1C5341C32BDBF005B8377 /* AppDelegate.h */ = {isa = PBXFileReference; fileEncoding = 4; lastKnownFileType = sourcecode.c.h; path = AppDelegate.h; sourceTree = "<group>"; };
		4CF1C5351C32BDBF005B8377 /* AppDelegate.m */ = {isa = PBXFileReference; fileEncoding = 4; lastKnownFileType = sourcecode.c.objc; path = AppDelegate.m; sourceTree = "<group>"; };
		4CF1C5361C32BDBF005B8377 /* Assets.xcassets */ = {isa = PBXFileReference; lastKnownFileType = folder.assetcatalog; path = Assets.xcassets; sourceTree = "<group>"; };
		4CF1C5371C32BDBF005B8377 /* attention2.png */ = {isa = PBXFileReference; lastKnownFileType = image.png; path = attention2.png; sourceTree = "<group>"; };
		4CF1C5381C32BDBF005B8377 /* badanieViewController.h */ = {isa = PBXFileReference; fileEncoding = 4; lastKnownFileType = sourcecode.c.h; path = badanieViewController.h; sourceTree = "<group>"; };
		4CF1C5391C32BDBF005B8377 /* badanieViewController.m */ = {isa = PBXFileReference; fileEncoding = 4; lastKnownFileType = sourcecode.c.objc; path = badanieViewController.m; sourceTree = "<group>"; };
		4CF1C53C1C32BDBF005B8377 /* Base */ = {isa = PBXFileReference; lastKnownFileType = file.storyboard; name = Base; path = LaunchScreen.storyboard; sourceTree = "<group>"; };
		4CF1C53E1C32BDBF005B8377 /* Base */ = {isa = PBXFileReference; lastKnownFileType = file.storyboard; name = Base; path = Main.storyboard; sourceTree = "<group>"; };
		4CF1C53F1C32BDBF005B8377 /* bookmark_photo.jpg */ = {isa = PBXFileReference; lastKnownFileType = image.jpeg; path = bookmark_photo.jpg; sourceTree = "<group>"; };
		4CF1C5401C32BDBF005B8377 /* bookmark.png */ = {isa = PBXFileReference; lastKnownFileType = image.png; path = bookmark.png; sourceTree = "<group>"; };
		4CF1C5411C32BDBF005B8377 /* calendar_photo.jpg */ = {isa = PBXFileReference; lastKnownFileType = image.jpeg; path = calendar_photo.jpg; sourceTree = "<group>"; };
		4CF1C5421C32BDBF005B8377 /* calendar.png */ = {isa = PBXFileReference; lastKnownFileType = image.png; path = calendar.png; sourceTree = "<group>"; };
		4CF1C5431C32BDBF005B8377 /* car.png */ = {isa = PBXFileReference; lastKnownFileType = image.png; path = car.png; sourceTree = "<group>"; };
		4CF1C5441C32BDBF005B8377 /* comments_photo.jpg */ = {isa = PBXFileReference; lastKnownFileType = image.jpeg; path = comments_photo.jpg; sourceTree = "<group>"; };
		4CF1C5451C32BDBF005B8377 /* comments.png */ = {isa = PBXFileReference; lastKnownFileType = image.png; path = comments.png; sourceTree = "<group>"; };
		4CF1C5461C32BDBF005B8377 /* Default-568h@2x.png */ = {isa = PBXFileReference; lastKnownFileType = image.png; path = "Default-568h@2x.png"; sourceTree = "<group>"; };
		4CF1C5471C32BDBF005B8377 /* Default.png */ = {isa = PBXFileReference; lastKnownFileType = image.png; path = Default.png; sourceTree = "<group>"; };
		4CF1C5481C32BDBF005B8377 /* Default@2x.png */ = {isa = PBXFileReference; lastKnownFileType = image.png; path = "Default@2x.png"; sourceTree = "<group>"; };
		4CF1C54B1C32BDBF005B8377 /* en */ = {isa = PBXFileReference; lastKnownFileType = text.plist.strings; name = en; path = InfoPlist.strings; sourceTree = "<group>"; };
		4CF1C54E1C32BDBF005B8377 /* gas-pump-128.png */ = {isa = PBXFileReference; lastKnownFileType = image.png; path = "gas-pump-128.png"; sourceTree = "<group>"; };
		4CF1C5511C32BDBF005B8377 /* loginPageViewController.h */ = {isa = PBXFileReference; fileEncoding = 4; lastKnownFileType = sourcecode.c.h; path = loginPageViewController.h; sourceTree = "<group>"; };
		4CF1C5521C32BDBF005B8377 /* loginPageViewController.m */ = {isa = PBXFileReference; fileEncoding = 4; lastKnownFileType = sourcecode.c.objc; path = loginPageViewController.m; sourceTree = "<group>"; };
		4CF1C5531C32BDBF005B8377 /* MainViewController.h */ = {isa = PBXFileReference; fileEncoding = 4; lastKnownFileType = sourcecode.c.h; path = MainViewController.h; sourceTree = "<group>"; };
		4CF1C5541C32BDBF005B8377 /* MainViewController.m */ = {isa = PBXFileReference; fileEncoding = 4; lastKnownFileType = sourcecode.c.objc; path = MainViewController.m; sourceTree = "<group>"; };
		4CF1C5551C32BDBF005B8377 /* map.png */ = {isa = PBXFileReference; lastKnownFileType = image.png; path = map.png; sourceTree = "<group>"; };
		4CF1C5561C32BDBF005B8377 /* menu.png */ = {isa = PBXFileReference; lastKnownFileType = image.png; path = menu.png; sourceTree = "<group>"; };
		4CF1C5571C32BDBF005B8377 /* menu@2x.png */ = {isa = PBXFileReference; lastKnownFileType = image.png; path = "menu@2x.png"; sourceTree = "<group>"; };
		4CF1C5581C32BDBF005B8377 /* nav_bg.png */ = {isa = PBXFileReference; lastKnownFileType = image.png; path = nav_bg.png; sourceTree = "<group>"; };
		4CF1C5591C32BDBF005B8377 /* news.png */ = {isa = PBXFileReference; lastKnownFileType = image.png; path = news.png; sourceTree = "<group>"; };
		4CF1C55A1C32BDBF005B8377 /* photo.png */ = {isa = PBXFileReference; lastKnownFileType = image.png; path = photo.png; sourceTree = "<group>"; };
		4CF1C55B1C32BDBF005B8377 /* ServiceMyCar.png */ = {isa = PBXFileReference; lastKnownFileType = image.png; path = ServiceMyCar.png; sourceTree = "<group>"; };
		4CF1C55D1C32BDBF005B8377 /* SidebarDemo-Prefix.pch */ = {isa = PBXFileReference; fileEncoding = 4; lastKnownFileType = sourcecode.c.h; path = "SidebarDemo-Prefix.pch"; sourceTree = "<group>"; };
		4CF1C55E1C32BDBF005B8377 /* SidebarViewController.h */ = {isa = PBXFileReference; fileEncoding = 4; lastKnownFileType = sourcecode.c.h; path = SidebarViewController.h; sourceTree = "<group>"; };
		4CF1C55F1C32BDBF005B8377 /* SidebarViewController.m */ = {isa = PBXFileReference; fileEncoding = 4; lastKnownFileType = sourcecode.c.objc; path = SidebarViewController.m; sourceTree = "<group>"; };
		4CF1C5611C32BDBF005B8377 /* SWRevealViewController.h */ = {isa = PBXFileReference; fileEncoding = 4; lastKnownFileType = sourcecode.c.h; name = SWRevealViewController.h; path = "System zarządzania flotą pojazdów/SWRevealViewController.h"; sourceTree = SOURCE_ROOT; };
		4CF1C5621C32BDBF005B8377 /* SWRevealViewController.m */ = {isa = PBXFileReference; fileEncoding = 4; lastKnownFileType = sourcecode.c.objc; name = SWRevealViewController.m; path = "System zarządzania flotą pojazdów/SWRevealViewController.m"; sourceTree = SOURCE_ROOT; };
		4CF1C5631C32BDBF005B8377 /* tag_photo.jpg */ = {isa = PBXFileReference; lastKnownFileType = image.jpeg; path = tag_photo.jpg; sourceTree = "<group>"; };
		4CF1C5641C32BDBF005B8377 /* tag.png */ = {isa = PBXFileReference; lastKnownFileType = image.png; path = tag.png; sourceTree = "<group>"; };
		4CF1C5651C32BDBF005B8377 /* tankowanieViewController.h */ = {isa = PBXFileReference; fileEncoding = 4; lastKnownFileType = sourcecode.c.h; path = tankowanieViewController.h; sourceTree = "<group>"; };
		4CF1C5661C32BDBF005B8377 /* tankowanieViewController.m */ = {isa = PBXFileReference; fileEncoding = 4; lastKnownFileType = sourcecode.c.objc; path = tankowanieViewController.m; sourceTree = "<group>"; };
		4CF1C5671C32BDBF005B8377 /* wishlist_photo.jpg */ = {isa = PBXFileReference; lastKnownFileType = image.jpeg; path = wishlist_photo.jpg; sourceTree = "<group>"; };
		4CF1C5681C32BDBF005B8377 /* wishlist.png */ = {isa = PBXFileReference; lastKnownFileType = image.png; path = wishlist.png; sourceTree = "<group>"; };
		4CF1C5691C32BDBF005B8377 /* zdarzeniaViewController.h */ = {isa = PBXFileReference; fileEncoding = 4; lastKnownFileType = sourcecode.c.h; path = zdarzeniaViewController.h; sourceTree = "<group>"; };
		4CF1C56A1C32BDBF005B8377 /* zdarzeniaViewController.m */ = {isa = PBXFileReference; fileEncoding = 4; lastKnownFileType = sourcecode.c.objc; path = zdarzeniaViewController.m; sourceTree = "<group>"; };
		4CF1C5951C32C2DE005B8377 /* en */ = {isa = PBXFileReference; lastKnownFileType = file.storyboard; name = en; path = "System zarządzania flotą pojazdów/en.lproj/MainStoryboard.storyboard"; sourceTree = "<group>"; };
		4CF1C5991C32C685005B8377 /* car-icon-vector-illustration-flat-design-style_183075041.jpg */ = {isa = PBXFileReference; lastKnownFileType = image.jpeg; path = "car-icon-vector-illustration-flat-design-style_183075041.jpg"; sourceTree = "<group>"; };
		CE1BA5C11C37288F00E55F6C /* tankowanieTheSecondViewController.h */ = {isa = PBXFileReference; fileEncoding = 4; lastKnownFileType = sourcecode.c.h; path = tankowanieTheSecondViewController.h; sourceTree = "<group>"; };
		CE1BA5C21C37288F00E55F6C /* tankowanieTheSecondViewController.m */ = {isa = PBXFileReference; fileEncoding = 4; lastKnownFileType = sourcecode.c.objc; path = tankowanieTheSecondViewController.m; sourceTree = "<group>"; };
		CE6A8D451C374E3D00EBC4BB /* badanieTheSecondViewController.h */ = {isa = PBXFileReference; fileEncoding = 4; lastKnownFileType = sourcecode.c.h; path = badanieTheSecondViewController.h; sourceTree = "<group>"; };
		CE6A8D461C374E3D00EBC4BB /* badanieTheSecondViewController.m */ = {isa = PBXFileReference; fileEncoding = 4; lastKnownFileType = sourcecode.c.objc; path = badanieTheSecondViewController.m; sourceTree = "<group>"; };
		CE6A8D481C3809AD00EBC4BB /* zmienHasloViewController.h */ = {isa = PBXFileReference; fileEncoding = 4; lastKnownFileType = sourcecode.c.h; path = zmienHasloViewController.h; sourceTree = "<group>"; };
		CE6A8D491C3809AD00EBC4BB /* zmienHasloViewController.m */ = {isa = PBXFileReference; fileEncoding = 4; lastKnownFileType = sourcecode.c.objc; path = zmienHasloViewController.m; sourceTree = "<group>"; };
		CE6A8D4B1C381A4A00EBC4BB /* security_lock_password_protection_secure_locking_system_safe_privacy_private_safety_encryption_flat_design_icon-512.png */ = {isa = PBXFileReference; lastKnownFileType = image.png; path = "security_lock_password_protection_secure_locking_system_safe_privacy_private_safety_encryption_flat_design_icon-512.png"; sourceTree = "<group>"; };
		CE6A8D4D1C381ABF00EBC4BB /* power-01-512.png */ = {isa = PBXFileReference; lastKnownFileType = image.png; path = "power-01-512.png"; sourceTree = "<group>"; };
/* End PBXFileReference section */

/* Begin PBXFrameworksBuildPhase section */
		4CF1C4FB1C32BD39005B8377 /* Frameworks */ = {
			isa = PBXFrameworksBuildPhase;
			buildActionMask = 2147483647;
			files = (
			);
			runOnlyForDeploymentPostprocessing = 0;
		};
		4CF1C5141C32BD3A005B8377 /* Frameworks */ = {
			isa = PBXFrameworksBuildPhase;
			buildActionMask = 2147483647;
			files = (
			);
			runOnlyForDeploymentPostprocessing = 0;
		};
		4CF1C51F1C32BD3A005B8377 /* Frameworks */ = {
			isa = PBXFrameworksBuildPhase;
			buildActionMask = 2147483647;
			files = (
			);
			runOnlyForDeploymentPostprocessing = 0;
		};
/* End PBXFrameworksBuildPhase section */

/* Begin PBXGroup section */
		4CF1C4F51C32BD39005B8377 = {
			isa = PBXGroup;
			children = (
				4CF1C5001C32BD39005B8377 /* System zarządzania flotą pojazdów */,
				4CF1C51A1C32BD3A005B8377 /* System zarządzania flotą pojazdówTests */,
				4CF1C5251C32BD3A005B8377 /* System zarządzania flotą pojazdówUITests */,
				4CF1C4FF1C32BD39005B8377 /* Products */,
			);
			sourceTree = "<group>";
		};
		4CF1C4FF1C32BD39005B8377 /* Products */ = {
			isa = PBXGroup;
			children = (
				4CF1C4FE1C32BD39005B8377 /* System zarządzania flotą pojazdów.app */,
				4CF1C5171C32BD3A005B8377 /* System zarządzania flotą pojazdówTests.xctest */,
				4CF1C5221C32BD3A005B8377 /* System zarządzania flotą pojazdówUITests.xctest */,
			);
			name = Products;
			sourceTree = "<group>";
		};
		4CF1C5001C32BD39005B8377 /* System zarządzania flotą pojazdów */ = {
			isa = PBXGroup;
			children = (
				4CF1C5901C32BEA5005B8377 /* AppDelegate */,
				4CF1C53A1C32BDBF005B8377 /* Base.lproj */,
				4CF1C5921C32BED5005B8377 /* Storyboard */,
				4CF1C5011C32BD39005B8377 /* Supporting Files */,
				4CF1C5601C32BDBF005B8377 /* SWRevealViewController */,
				4CF1C5911C32BEB8005B8377 /* ViewControllers */,
				4CF1C5361C32BDBF005B8377 /* Assets.xcassets */,
			);
			path = "System zarządzania flotą pojazdów";
			sourceTree = "<group>";
		};
		4CF1C5011C32BD39005B8377 /* Supporting Files */ = {
			isa = PBXGroup;
			children = (
				4CF1C5491C32BDBF005B8377 /* en.lproj */,
				4CF1C5931C32BF15005B8377 /* Images */,
				4CF1C5471C32BDBF005B8377 /* Default.png */,
				4CF1C5481C32BDBF005B8377 /* Default@2x.png */,
				4CF1C5461C32BDBF005B8377 /* Default-568h@2x.png */,
				4CF1C5121C32BD39005B8377 /* Info.plist */,
				4CF1C5021C32BD39005B8377 /* main.m */,
				4CF1C55D1C32BDBF005B8377 /* SidebarDemo-Prefix.pch */,
			);
			name = "Supporting Files";
			sourceTree = "<group>";
		};
		4CF1C51A1C32BD3A005B8377 /* System zarządzania flotą pojazdówTests */ = {
			isa = PBXGroup;
			children = (
				4CF1C51B1C32BD3A005B8377 /* System_zarza_dzania_flota__pojazdo_wTests.m */,
				4CF1C51D1C32BD3A005B8377 /* Info.plist */,
			);
			path = "System zarządzania flotą pojazdówTests";
			sourceTree = "<group>";
		};
		4CF1C5251C32BD3A005B8377 /* System zarządzania flotą pojazdówUITests */ = {
			isa = PBXGroup;
			children = (
				4CF1C5261C32BD3A005B8377 /* System_zarza_dzania_flota__pojazdo_wUITests.m */,
				4CF1C5281C32BD3A005B8377 /* Info.plist */,
			);
			path = "System zarządzania flotą pojazdówUITests";
			sourceTree = "<group>";
		};
		4CF1C53A1C32BDBF005B8377 /* Base.lproj */ = {
			isa = PBXGroup;
			children = (
				4CF1C53D1C32BDBF005B8377 /* Main.storyboard */,
			);
			path = Base.lproj;
			sourceTree = "<group>";
		};
		4CF1C5491C32BDBF005B8377 /* en.lproj */ = {
			isa = PBXGroup;
			children = (
				4CF1C54A1C32BDBF005B8377 /* InfoPlist.strings */,
			);
			path = en.lproj;
			sourceTree = "<group>";
		};
		4CF1C5601C32BDBF005B8377 /* SWRevealViewController */ = {
			isa = PBXGroup;
			children = (
				4CF1C5611C32BDBF005B8377 /* SWRevealViewController.h */,
				4CF1C5621C32BDBF005B8377 /* SWRevealViewController.m */,
			);
			path = SWRevealViewController;
			sourceTree = "<group>";
		};
		4CF1C5901C32BEA5005B8377 /* AppDelegate */ = {
			isa = PBXGroup;
			children = (
				4CF1C5341C32BDBF005B8377 /* AppDelegate.h */,
				4CF1C5351C32BDBF005B8377 /* AppDelegate.m */,
			);
			name = AppDelegate;
			sourceTree = "<group>";
		};
		4CF1C5911C32BEB8005B8377 /* ViewControllers */ = {
			isa = PBXGroup;
			children = (
				CE6A8D451C374E3D00EBC4BB /* badanieTheSecondViewController.h */,
				CE6A8D461C374E3D00EBC4BB /* badanieTheSecondViewController.m */,
				4CF1C5381C32BDBF005B8377 /* badanieViewController.h */,
				4CF1C5391C32BDBF005B8377 /* badanieViewController.m */,
				4CF1C5511C32BDBF005B8377 /* loginPageViewController.h */,
				4CF1C5521C32BDBF005B8377 /* loginPageViewController.m */,
				4CF1C5531C32BDBF005B8377 /* MainViewController.h */,
				4CF1C5541C32BDBF005B8377 /* MainViewController.m */,
				4CF1C55E1C32BDBF005B8377 /* SidebarViewController.h */,
				4CF1C55F1C32BDBF005B8377 /* SidebarViewController.m */,
				4CF1C5651C32BDBF005B8377 /* tankowanieViewController.h */,
				4CF1C5661C32BDBF005B8377 /* tankowanieViewController.m */,
				CE1BA5C11C37288F00E55F6C /* tankowanieTheSecondViewController.h */,
				CE1BA5C21C37288F00E55F6C /* tankowanieTheSecondViewController.m */,
				4CF1C5691C32BDBF005B8377 /* zdarzeniaViewController.h */,
				4CF1C56A1C32BDBF005B8377 /* zdarzeniaViewController.m */,
				CE6A8D481C3809AD00EBC4BB /* zmienHasloViewController.h */,
				CE6A8D491C3809AD00EBC4BB /* zmienHasloViewController.m */,
			);
			name = ViewControllers;
			sourceTree = "<group>";
		};
		4CF1C5921C32BED5005B8377 /* Storyboard */ = {
			isa = PBXGroup;
			children = (
				4CF1C5941C32C2DE005B8377 /* MainStoryboard.storyboard */,
				4CF1C53B1C32BDBF005B8377 /* LaunchScreen.storyboard */,
			);
			name = Storyboard;
			sourceTree = "<group>";
		};
		4CF1C5931C32BF15005B8377 /* Images */ = {
			isa = PBXGroup;
			children = (
				CE6A8D4D1C381ABF00EBC4BB /* power-01-512.png */,
				CE6A8D4B1C381A4A00EBC4BB /* security_lock_password_protection_secure_locking_system_safe_privacy_private_safety_encryption_flat_design_icon-512.png */,
				4CF1C5991C32C685005B8377 /* car-icon-vector-illustration-flat-design-style_183075041.jpg */,
				4CF1C5371C32BDBF005B8377 /* attention2.png */,
				4CF1C53F1C32BDBF005B8377 /* bookmark_photo.jpg */,
				4CF1C5401C32BDBF005B8377 /* bookmark.png */,
				4CF1C5411C32BDBF005B8377 /* calendar_photo.jpg */,
				4CF1C5421C32BDBF005B8377 /* calendar.png */,
				4CF1C5431C32BDBF005B8377 /* car.png */,
				4CF1C5441C32BDBF005B8377 /* comments_photo.jpg */,
				4CF1C5451C32BDBF005B8377 /* comments.png */,
				4CF1C54E1C32BDBF005B8377 /* gas-pump-128.png */,
				4CF1C5551C32BDBF005B8377 /* map.png */,
				4CF1C5561C32BDBF005B8377 /* menu.png */,
				4CF1C5571C32BDBF005B8377 /* menu@2x.png */,
				4CF1C5581C32BDBF005B8377 /* nav_bg.png */,
				4CF1C5591C32BDBF005B8377 /* news.png */,
				4CF1C55A1C32BDBF005B8377 /* photo.png */,
				4CF1C55B1C32BDBF005B8377 /* ServiceMyCar.png */,
				4CF1C5631C32BDBF005B8377 /* tag_photo.jpg */,
				4CF1C5641C32BDBF005B8377 /* tag.png */,
				4CF1C5671C32BDBF005B8377 /* wishlist_photo.jpg */,
				4CF1C5681C32BDBF005B8377 /* wishlist.png */,
			);
			name = Images;
			sourceTree = "<group>";
		};
/* End PBXGroup section */

/* Begin PBXNativeTarget section */
		4CF1C4FD1C32BD39005B8377 /* System zarządzania flotą pojazdów */ = {
			isa = PBXNativeTarget;
			buildConfigurationList = 4CF1C52B1C32BD3A005B8377 /* Build configuration list for PBXNativeTarget "System zarządzania flotą pojazdów" */;
			buildPhases = (
				4CF1C4FA1C32BD39005B8377 /* Sources */,
				4CF1C4FB1C32BD39005B8377 /* Frameworks */,
				4CF1C4FC1C32BD39005B8377 /* Resources */,
			);
			buildRules = (
			);
			dependencies = (
			);
			name = "System zarządzania flotą pojazdów";
			productName = "System zarządzania flotą pojazdów";
			productReference = 4CF1C4FE1C32BD39005B8377 /* System zarządzania flotą pojazdów.app */;
			productType = "com.apple.product-type.application";
		};
		4CF1C5161C32BD3A005B8377 /* System zarządzania flotą pojazdówTests */ = {
			isa = PBXNativeTarget;
			buildConfigurationList = 4CF1C52E1C32BD3A005B8377 /* Build configuration list for PBXNativeTarget "System zarządzania flotą pojazdówTests" */;
			buildPhases = (
				4CF1C5131C32BD3A005B8377 /* Sources */,
				4CF1C5141C32BD3A005B8377 /* Frameworks */,
				4CF1C5151C32BD3A005B8377 /* Resources */,
			);
			buildRules = (
			);
			dependencies = (
				4CF1C5191C32BD3A005B8377 /* PBXTargetDependency */,
			);
			name = "System zarządzania flotą pojazdówTests";
			productName = "System zarządzania flotą pojazdówTests";
			productReference = 4CF1C5171C32BD3A005B8377 /* System zarządzania flotą pojazdówTests.xctest */;
			productType = "com.apple.product-type.bundle.unit-test";
		};
		4CF1C5211C32BD3A005B8377 /* System zarządzania flotą pojazdówUITests */ = {
			isa = PBXNativeTarget;
			buildConfigurationList = 4CF1C5311C32BD3A005B8377 /* Build configuration list for PBXNativeTarget "System zarządzania flotą pojazdówUITests" */;
			buildPhases = (
				4CF1C51E1C32BD3A005B8377 /* Sources */,
				4CF1C51F1C32BD3A005B8377 /* Frameworks */,
				4CF1C5201C32BD3A005B8377 /* Resources */,
			);
			buildRules = (
			);
			dependencies = (
				4CF1C5241C32BD3A005B8377 /* PBXTargetDependency */,
			);
			name = "System zarządzania flotą pojazdówUITests";
			productName = "System zarządzania flotą pojazdówUITests";
			productReference = 4CF1C5221C32BD3A005B8377 /* System zarządzania flotą pojazdówUITests.xctest */;
			productType = "com.apple.product-type.bundle.ui-testing";
		};
/* End PBXNativeTarget section */

/* Begin PBXProject section */
		4CF1C4F61C32BD39005B8377 /* Project object */ = {
			isa = PBXProject;
			attributes = {
				LastUpgradeCheck = 0720;
				ORGANIZATIONNAME = "Mateusz Siepietowski";
				TargetAttributes = {
					4CF1C4FD1C32BD39005B8377 = {
						CreatedOnToolsVersion = 7.2;
						DevelopmentTeam = 3BCCG572CQ;
					};
					4CF1C5161C32BD3A005B8377 = {
						CreatedOnToolsVersion = 7.2;
						TestTargetID = 4CF1C4FD1C32BD39005B8377;
					};
					4CF1C5211C32BD3A005B8377 = {
						CreatedOnToolsVersion = 7.2;
						TestTargetID = 4CF1C4FD1C32BD39005B8377;
					};
				};
			};
			buildConfigurationList = 4CF1C4F91C32BD39005B8377 /* Build configuration list for PBXProject "System zarządzania flotą pojazdów" */;
			compatibilityVersion = "Xcode 3.2";
			developmentRegion = English;
			hasScannedForEncodings = 0;
			knownRegions = (
				en,
				Base,
			);
			mainGroup = 4CF1C4F51C32BD39005B8377;
			productRefGroup = 4CF1C4FF1C32BD39005B8377 /* Products */;
			projectDirPath = "";
			projectRoot = "";
			targets = (
				4CF1C4FD1C32BD39005B8377 /* System zarządzania flotą pojazdów */,
				4CF1C5161C32BD3A005B8377 /* System zarządzania flotą pojazdówTests */,
				4CF1C5211C32BD3A005B8377 /* System zarządzania flotą pojazdówUITests */,
			);
		};
/* End PBXProject section */

/* Begin PBXResourcesBuildPhase section */
		4CF1C4FC1C32BD39005B8377 /* Resources */ = {
			isa = PBXResourcesBuildPhase;
			buildActionMask = 2147483647;
			files = (
				4CF1C58B1C32BDBF005B8377 /* tag.png in Resources */,
				4CF1C5751C32BDBF005B8377 /* car.png in Resources */,
				4CF1C57D1C32BDBF005B8377 /* gas-pump-128.png in Resources */,
				4CF1C5851C32BDBF005B8377 /* photo.png in Resources */,
				4CF1C5711C32BDBF005B8377 /* bookmark_photo.jpg in Resources */,
				4CF1C5961C32C2DE005B8377 /* MainStoryboard.storyboard in Resources */,
				4CF1C5761C32BDBF005B8377 /* comments_photo.jpg in Resources */,
				CE6A8D4E1C381ABF00EBC4BB /* power-01-512.png in Resources */,
				4CF1C5791C32BDBF005B8377 /* Default.png in Resources */,
				4CF1C5701C32BDBF005B8377 /* Main.storyboard in Resources */,
				4CF1C58D1C32BDBF005B8377 /* wishlist_photo.jpg in Resources */,
				4CF1C5771C32BDBF005B8377 /* comments.png in Resources */,
				4CF1C5811C32BDBF005B8377 /* menu.png in Resources */,
				4CF1C57B1C32BDBF005B8377 /* InfoPlist.strings in Resources */,
				4CF1C5831C32BDBF005B8377 /* nav_bg.png in Resources */,
				4CF1C5841C32BDBF005B8377 /* news.png in Resources */,
				4CF1C5861C32BDBF005B8377 /* ServiceMyCar.png in Resources */,
				4CF1C5721C32BDBF005B8377 /* bookmark.png in Resources */,
				4CF1C5731C32BDBF005B8377 /* calendar_photo.jpg in Resources */,
				4CF1C57A1C32BDBF005B8377 /* Default@2x.png in Resources */,
				4CF1C5781C32BDBF005B8377 /* Default-568h@2x.png in Resources */,
				4CF1C58E1C32BDBF005B8377 /* wishlist.png in Resources */,
				CE6A8D4C1C381A4A00EBC4BB /* security_lock_password_protection_secure_locking_system_safe_privacy_private_safety_encryption_flat_design_icon-512.png in Resources */,
				4CF1C56D1C32BDBF005B8377 /* attention2.png in Resources */,
				4CF1C56F1C32BDBF005B8377 /* LaunchScreen.storyboard in Resources */,
				4CF1C56C1C32BDBF005B8377 /* Assets.xcassets in Resources */,
				4CF1C5801C32BDBF005B8377 /* map.png in Resources */,
				4CF1C58A1C32BDBF005B8377 /* tag_photo.jpg in Resources */,
				4CF1C59A1C32C685005B8377 /* car-icon-vector-illustration-flat-design-style_183075041.jpg in Resources */,
				4CF1C5741C32BDBF005B8377 /* calendar.png in Resources */,
				4CF1C5821C32BDBF005B8377 /* menu@2x.png in Resources */,
			);
			runOnlyForDeploymentPostprocessing = 0;
		};
		4CF1C5151C32BD3A005B8377 /* Resources */ = {
			isa = PBXResourcesBuildPhase;
			buildActionMask = 2147483647;
			files = (
			);
			runOnlyForDeploymentPostprocessing = 0;
		};
		4CF1C5201C32BD3A005B8377 /* Resources */ = {
			isa = PBXResourcesBuildPhase;
			buildActionMask = 2147483647;
			files = (
			);
			runOnlyForDeploymentPostprocessing = 0;
		};
/* End PBXResourcesBuildPhase section */

/* Begin PBXSourcesBuildPhase section */
		4CF1C4FA1C32BD39005B8377 /* Sources */ = {
			isa = PBXSourcesBuildPhase;
			buildActionMask = 2147483647;
			files = (
				4CF1C5891C32BDBF005B8377 /* SWRevealViewController.m in Sources */,
				4CF1C56B1C32BDBF005B8377 /* AppDelegate.m in Sources */,
				4CF1C57E1C32BDBF005B8377 /* loginPageViewController.m in Sources */,
				CE1BA5C31C37288F00E55F6C /* tankowanieTheSecondViewController.m in Sources */,
				4CF1C5031C32BD39005B8377 /* main.m in Sources */,
				4CF1C5881C32BDBF005B8377 /* SidebarViewController.m in Sources */,
				CE6A8D4A1C3809AD00EBC4BB /* zmienHasloViewController.m in Sources */,
				4CF1C58C1C32BDBF005B8377 /* tankowanieViewController.m in Sources */,
				4CF1C57F1C32BDBF005B8377 /* MainViewController.m in Sources */,
				4CF1C56E1C32BDBF005B8377 /* badanieViewController.m in Sources */,
				4CF1C58F1C32BDBF005B8377 /* zdarzeniaViewController.m in Sources */,
				CE6A8D471C374E3D00EBC4BB /* badanieTheSecondViewController.m in Sources */,
			);
			runOnlyForDeploymentPostprocessing = 0;
		};
		4CF1C5131C32BD3A005B8377 /* Sources */ = {
			isa = PBXSourcesBuildPhase;
			buildActionMask = 2147483647;
			files = (
				4CF1C51C1C32BD3A005B8377 /* System_zarza_dzania_flota__pojazdo_wTests.m in Sources */,
			);
			runOnlyForDeploymentPostprocessing = 0;
		};
		4CF1C51E1C32BD3A005B8377 /* Sources */ = {
			isa = PBXSourcesBuildPhase;
			buildActionMask = 2147483647;
			files = (
				4CF1C5271C32BD3A005B8377 /* System_zarza_dzania_flota__pojazdo_wUITests.m in Sources */,
			);
			runOnlyForDeploymentPostprocessing = 0;
		};
/* End PBXSourcesBuildPhase section */

/* Begin PBXTargetDependency section */
		4CF1C5191C32BD3A005B8377 /* PBXTargetDependency */ = {
			isa = PBXTargetDependency;
			target = 4CF1C4FD1C32BD39005B8377 /* System zarządzania flotą pojazdów */;
			targetProxy = 4CF1C5181C32BD3A005B8377 /* PBXContainerItemProxy */;
		};
		4CF1C5241C32BD3A005B8377 /* PBXTargetDependency */ = {
			isa = PBXTargetDependency;
			target = 4CF1C4FD1C32BD39005B8377 /* System zarządzania flotą pojazdów */;
			targetProxy = 4CF1C5231C32BD3A005B8377 /* PBXContainerItemProxy */;
		};
/* End PBXTargetDependency section */

/* Begin PBXVariantGroup section */
		4CF1C53B1C32BDBF005B8377 /* LaunchScreen.storyboard */ = {
			isa = PBXVariantGroup;
			children = (
				4CF1C53C1C32BDBF005B8377 /* Base */,
			);
			name = LaunchScreen.storyboard;
			path = Base.lproj;
			sourceTree = "<group>";
		};
		4CF1C53D1C32BDBF005B8377 /* Main.storyboard */ = {
			isa = PBXVariantGroup;
			children = (
				4CF1C53E1C32BDBF005B8377 /* Base */,
			);
			name = Main.storyboard;
			sourceTree = "<group>";
		};
		4CF1C54A1C32BDBF005B8377 /* InfoPlist.strings */ = {
			isa = PBXVariantGroup;
			children = (
				4CF1C54B1C32BDBF005B8377 /* en */,
			);
			name = InfoPlist.strings;
			sourceTree = "<group>";
		};
		4CF1C5941C32C2DE005B8377 /* MainStoryboard.storyboard */ = {
			isa = PBXVariantGroup;
			children = (
				4CF1C5951C32C2DE005B8377 /* en */,
			);
			name = MainStoryboard.storyboard;
			path = ..;
			sourceTree = "<group>";
		};
/* End PBXVariantGroup section */

/* Begin XCBuildConfiguration section */
		4CF1C5291C32BD3A005B8377 /* Debug */ = {
			isa = XCBuildConfiguration;
			buildSettings = {
				ALWAYS_SEARCH_USER_PATHS = NO;
				CLANG_CXX_LANGUAGE_STANDARD = "gnu++0x";
				CLANG_CXX_LIBRARY = "libc++";
				CLANG_ENABLE_MODULES = YES;
				CLANG_ENABLE_OBJC_ARC = YES;
				CLANG_WARN_BOOL_CONVERSION = YES;
				CLANG_WARN_CONSTANT_CONVERSION = YES;
				CLANG_WARN_DIRECT_OBJC_ISA_USAGE = YES_ERROR;
				CLANG_WARN_EMPTY_BODY = YES;
				CLANG_WARN_ENUM_CONVERSION = YES;
				CLANG_WARN_INT_CONVERSION = YES;
				CLANG_WARN_OBJC_ROOT_CLASS = YES_ERROR;
				CLANG_WARN_UNREACHABLE_CODE = YES;
				CLANG_WARN__DUPLICATE_METHOD_MATCH = YES;
				"CODE_SIGN_IDENTITY[sdk=iphoneos*]" = "iPhone Developer";
				COPY_PHASE_STRIP = NO;
				DEBUG_INFORMATION_FORMAT = dwarf;
				ENABLE_STRICT_OBJC_MSGSEND = YES;
				ENABLE_TESTABILITY = YES;
				GCC_C_LANGUAGE_STANDARD = gnu99;
				GCC_DYNAMIC_NO_PIC = NO;
				GCC_NO_COMMON_BLOCKS = YES;
				GCC_OPTIMIZATION_LEVEL = 0;
				GCC_PREPROCESSOR_DEFINITIONS = (
					"DEBUG=1",
					"$(inherited)",
				);
				GCC_WARN_64_TO_32_BIT_CONVERSION = YES;
				GCC_WARN_ABOUT_RETURN_TYPE = YES_ERROR;
				GCC_WARN_UNDECLARED_SELECTOR = YES;
				GCC_WARN_UNINITIALIZED_AUTOS = YES_AGGRESSIVE;
				GCC_WARN_UNUSED_FUNCTION = YES;
				GCC_WARN_UNUSED_VARIABLE = YES;
				IPHONEOS_DEPLOYMENT_TARGET = 9.2;
				MTL_ENABLE_DEBUG_INFO = YES;
				ONLY_ACTIVE_ARCH = YES;
				SDKROOT = iphoneos;
				TARGETED_DEVICE_FAMILY = "1,2";
			};
			name = Debug;
		};
		4CF1C52A1C32BD3A005B8377 /* Release */ = {
			isa = XCBuildConfiguration;
			buildSettings = {
				ALWAYS_SEARCH_USER_PATHS = NO;
				CLANG_CXX_LANGUAGE_STANDARD = "gnu++0x";
				CLANG_CXX_LIBRARY = "libc++";
				CLANG_ENABLE_MODULES = YES;
				CLANG_ENABLE_OBJC_ARC = YES;
				CLANG_WARN_BOOL_CONVERSION = YES;
				CLANG_WARN_CONSTANT_CONVERSION = YES;
				CLANG_WARN_DIRECT_OBJC_ISA_USAGE = YES_ERROR;
				CLANG_WARN_EMPTY_BODY = YES;
				CLANG_WARN_ENUM_CONVERSION = YES;
				CLANG_WARN_INT_CONVERSION = YES;
				CLANG_WARN_OBJC_ROOT_CLASS = YES_ERROR;
				CLANG_WARN_UNREACHABLE_CODE = YES;
				CLANG_WARN__DUPLICATE_METHOD_MATCH = YES;
				"CODE_SIGN_IDENTITY[sdk=iphoneos*]" = "iPhone Developer";
				COPY_PHASE_STRIP = NO;
				DEBUG_INFORMATION_FORMAT = "dwarf-with-dsym";
				ENABLE_NS_ASSERTIONS = NO;
				ENABLE_STRICT_OBJC_MSGSEND = YES;
				GCC_C_LANGUAGE_STANDARD = gnu99;
				GCC_NO_COMMON_BLOCKS = YES;
				GCC_WARN_64_TO_32_BIT_CONVERSION = YES;
				GCC_WARN_ABOUT_RETURN_TYPE = YES_ERROR;
				GCC_WARN_UNDECLARED_SELECTOR = YES;
				GCC_WARN_UNINITIALIZED_AUTOS = YES_AGGRESSIVE;
				GCC_WARN_UNUSED_FUNCTION = YES;
				GCC_WARN_UNUSED_VARIABLE = YES;
				IPHONEOS_DEPLOYMENT_TARGET = 9.2;
				MTL_ENABLE_DEBUG_INFO = NO;
				SDKROOT = iphoneos;
				TARGETED_DEVICE_FAMILY = "1,2";
				VALIDATE_PRODUCT = YES;
			};
			name = Release;
		};
		4CF1C52C1C32BD3A005B8377 /* Debug */ = {
			isa = XCBuildConfiguration;
			buildSettings = {
				ASSETCATALOG_COMPILER_APPICON_NAME = AppIcon;
				CODE_SIGN_IDENTITY = "iPhone Developer";
				"CODE_SIGN_IDENTITY[sdk=iphoneos*]" = "iPhone Developer";
				INFOPLIST_FILE = "System zarządzania flotą pojazdów/Info.plist";
				IPHONEOS_DEPLOYMENT_TARGET = 7.1;
				LD_RUNPATH_SEARCH_PATHS = "$(inherited) @executable_path/Frameworks";
				PRODUCT_BUNDLE_IDENTIFIER = "BM.System-zarza-dzania-flota--pojazdo-w";
				PRODUCT_NAME = "$(TARGET_NAME)";
				PROVISIONING_PROFILE = "";
				TARGETED_DEVICE_FAMILY = 1;
			};
			name = Debug;
		};
		4CF1C52D1C32BD3A005B8377 /* Release */ = {
			isa = XCBuildConfiguration;
			buildSettings = {
				ASSETCATALOG_COMPILER_APPICON_NAME = AppIcon;
				CODE_SIGN_IDENTITY = "iPhone Developer";
				"CODE_SIGN_IDENTITY[sdk=iphoneos*]" = "iPhone Developer";
				INFOPLIST_FILE = "System zarządzania flotą pojazdów/Info.plist";
				IPHONEOS_DEPLOYMENT_TARGET = 7.1;
				LD_RUNPATH_SEARCH_PATHS = "$(inherited) @executable_path/Frameworks";
				PRODUCT_BUNDLE_IDENTIFIER = "BM.System-zarza-dzania-flota--pojazdo-w";
				PRODUCT_NAME = "$(TARGET_NAME)";
				PROVISIONING_PROFILE = "";
				TARGETED_DEVICE_FAMILY = 1;
			};
			name = Release;
		};
		4CF1C52F1C32BD3A005B8377 /* Debug */ = {
			isa = XCBuildConfiguration;
			buildSettings = {
				BUNDLE_LOADER = "$(TEST_HOST)";
				INFOPLIST_FILE = "System zarządzania flotą pojazdówTests/Info.plist";
				LD_RUNPATH_SEARCH_PATHS = "$(inherited) @executable_path/Frameworks @loader_path/Frameworks";
				PRODUCT_BUNDLE_IDENTIFIER = "BM.System-zarza-dzania-flota--pojazdo-wTests";
				PRODUCT_NAME = "$(TARGET_NAME)";
				TEST_HOST = "$(BUILT_PRODUCTS_DIR)/System zarządzania flotą pojazdów.app/System zarządzania flotą pojazdów";
			};
			name = Debug;
		};
		4CF1C5301C32BD3A005B8377 /* Release */ = {
			isa = XCBuildConfiguration;
			buildSettings = {
				BUNDLE_LOADER = "$(TEST_HOST)";
				INFOPLIST_FILE = "System zarządzania flotą pojazdówTests/Info.plist";
				LD_RUNPATH_SEARCH_PATHS = "$(inherited) @executable_path/Frameworks @loader_path/Frameworks";
				PRODUCT_BUNDLE_IDENTIFIER = "BM.System-zarza-dzania-flota--pojazdo-wTests";
				PRODUCT_NAME = "$(TARGET_NAME)";
				TEST_HOST = "$(BUILT_PRODUCTS_DIR)/System zarządzania flotą pojazdów.app/System zarządzania flotą pojazdów";
			};
			name = Release;
		};
		4CF1C5321C32BD3A005B8377 /* Debug */ = {
			isa = XCBuildConfiguration;
			buildSettings = {
				INFOPLIST_FILE = "System zarządzania flotą pojazdówUITests/Info.plist";
				LD_RUNPATH_SEARCH_PATHS = "$(inherited) @executable_path/Frameworks @loader_path/Frameworks";
				PRODUCT_BUNDLE_IDENTIFIER = "BM.System-zarza-dzania-flota--pojazdo-wUITests";
				PRODUCT_NAME = "$(TARGET_NAME)";
				TEST_TARGET_NAME = "System zarządzania flotą pojazdów";
				USES_XCTRUNNER = YES;
			};
			name = Debug;
		};
		4CF1C5331C32BD3A005B8377 /* Release */ = {
			isa = XCBuildConfiguration;
			buildSettings = {
				INFOPLIST_FILE = "System zarządzania flotą pojazdówUITests/Info.plist";
				LD_RUNPATH_SEARCH_PATHS = "$(inherited) @executable_path/Frameworks @loader_path/Frameworks";
				PRODUCT_BUNDLE_IDENTIFIER = "BM.System-zarza-dzania-flota--pojazdo-wUITests";
				PRODUCT_NAME = "$(TARGET_NAME)";
				TEST_TARGET_NAME = "System zarządzania flotą pojazdów";
				USES_XCTRUNNER = YES;
			};
			name = Release;
		};
/* End XCBuildConfiguration section */

/* Begin XCConfigurationList section */
		4CF1C4F91C32BD39005B8377 /* Build configuration list for PBXProject "System zarządzania flotą pojazdów" */ = {
			isa = XCConfigurationList;
			buildConfigurations = (
				4CF1C5291C32BD3A005B8377 /* Debug */,
				4CF1C52A1C32BD3A005B8377 /* Release */,
			);
			defaultConfigurationIsVisible = 0;
			defaultConfigurationName = Release;
		};
		4CF1C52B1C32BD3A005B8377 /* Build configuration list for PBXNativeTarget "System zarządzania flotą pojazdów" */ = {
			isa = XCConfigurationList;
			buildConfigurations = (
				4CF1C52C1C32BD3A005B8377 /* Debug */,
				4CF1C52D1C32BD3A005B8377 /* Release */,
			);
			defaultConfigurationIsVisible = 0;
			defaultConfigurationName = Release;
		};
		4CF1C52E1C32BD3A005B8377 /* Build configuration list for PBXNativeTarget "System zarządzania flotą pojazdówTests" */ = {
			isa = XCConfigurationList;
			buildConfigurations = (
				4CF1C52F1C32BD3A005B8377 /* Debug */,
				4CF1C5301C32BD3A005B8377 /* Release */,
			);
			defaultConfigurationIsVisible = 0;
			defaultConfigurationName = Release;
		};
		4CF1C5311C32BD3A005B8377 /* Build configuration list for PBXNativeTarget "System zarządzania flotą pojazdówUITests" */ = {
			isa = XCConfigurationList;
			buildConfigurations = (
				4CF1C5321C32BD3A005B8377 /* Debug */,
				4CF1C5331C32BD3A005B8377 /* Release */,
			);
			defaultConfigurationIsVisible = 0;
			defaultConfigurationName = Release;
		};
/* End XCConfigurationList section */
	};
	rootObject = 4CF1C4F61C32BD39005B8377 /* Project object */;
}
